
Microsoft Visual Studio Solution File, Format Version 12.00
# Visual Studio Version 16
VisualStudioVersion = 16.0.29609.76
MinimumVisualStudioVersion = 10.0.40219.1
Project("{2150E333-8FDC-42A3-9474-1A3956D46DE8}") = "Services", "Services", "{87A9EBA3-0D28-4921-B12A-A429E689F3DD}"
EndProject
Project("{2150E333-8FDC-42A3-9474-1A3956D46DE8}") = "WebApps", "WebApps", "{897FCE09-BDC6-4B06-89E5-009281206E39}"
EndProject
Project("{2150E333-8FDC-42A3-9474-1A3956D46DE8}") = "Register", "Register", "{25610CA0-C236-4470-ADF7-4D8D3F9D7726}"
EndProject
Project("{2150E333-8FDC-42A3-9474-1A3956D46DE8}") = "Catalogue", "Catalogue", "{2D253F29-0AE5-4E84-B234-E7B005B32DEC}"
EndProject
Project("{2150E333-8FDC-42A3-9474-1A3956D46DE8}") = "Core", "Core", "{ECCCB715-A2D9-49CA-8284-0CF26A0B3A15}"
EndProject
Project("{2150E333-8FDC-42A3-9474-1A3956D46DE8}") = "Custom", "Custom", "{57B91248-4998-4044-9A35-5B27F803AE64}"
EndProject
Project("{2150E333-8FDC-42A3-9474-1A3956D46DE8}") = "Payment", "Payment", "{33C0105B-7CA4-423B-96C9-E476436E2DDC}"
EndProject
Project("{2150E333-8FDC-42A3-9474-1A3956D46DE8}") = "Sales", "Sales", "{26B84778-9CC9-4BF0-BFF2-71F70A2622A7}"
EndProject
Project("{9A19103F-16F7-4668-BE54-9A1E7A4F7556}") = "NerdStore.Catalogue.Domain", "src\NerdStore.Catalogue.Domain\NerdStore.Catalogue.Domain.csproj", "{BA1F484A-DEEA-49C1-A6F6-2861A40F54F9}"
EndProject
Project("{9A19103F-16F7-4668-BE54-9A1E7A4F7556}") = "NerdStore.Core", "src\NerdStore.Core\NerdStore.Core.csproj", "{8E04BBEC-23CD-4A0F-B6E6-78D5FDA37403}"
EndProject
Project("{2150E333-8FDC-42A3-9474-1A3956D46DE8}") = "Tests", "Tests", "{ACE83F29-D557-448B-A988-ABA1B8567231}"
EndProject
Project("{9A19103F-16F7-4668-BE54-9A1E7A4F7556}") = "NerdStore.Catalogue.Tests", "tests\NerdStore.Catalogue.Tests\NerdStore.Catalogue.Tests.csproj", "{DFE55E88-31FF-4F6B-A452-A59CF88BB112}"
EndProject
Project("{9A19103F-16F7-4668-BE54-9A1E7A4F7556}") = "Nerdstore.Catalogue.Data", "src\Nerdstore.Catalogue.Data\Nerdstore.Catalogue.Data.csproj", "{B60FE876-8A53-4C1F-8739-7EDDA4B994D4}"
EndProject
Project("{9A19103F-16F7-4668-BE54-9A1E7A4F7556}") = "NerdStore.Catalago.Application", "src\NerdStore.Catalago.Application\NerdStore.Catalago.Application.csproj", "{1A989E84-BC00-4A38-BBD4-2B365CDC96DA}"
EndProject
Project("{2150E333-8FDC-42A3-9474-1A3956D46DE8}") = "WebApp", "WebApp", "{B52B3B9C-ED47-4EAB-8AC2-A22631CB1EB9}"
EndProject
Project("{9A19103F-16F7-4668-BE54-9A1E7A4F7556}") = "NerdStore.Application.MVC", "src\NerdStore.Application.MVC\NerdStore.Application.MVC.csproj", "{10218748-5FEC-4DAC-926E-E4C66FFC09EC}"
EndProject
Project("{2150E333-8FDC-42A3-9474-1A3956D46DE8}") = "Pagamentos", "Pagamentos", "{5B9C845F-510B-4AF8-AEF5-3F6C35BC96A7}"
EndProject
Project("{2150E333-8FDC-42A3-9474-1A3956D46DE8}") = "Fiscal", "Fiscal", "{D0BE76B3-FDBD-4473-BC68-F51F6AC6DDBB}"
EndProject
Project("{2150E333-8FDC-42A3-9474-1A3956D46DE8}") = "Vendas", "Vendas", "{D59C92D0-78C4-446D-B69F-4F43485EF5C9}"
EndProject
Project("{FAE04EC0-301F-11D3-BF4B-00C04F79EFBC}") = "Nerdstore.Vendas.Domain", "src\Nerdstore.Vendas.Domain\Nerdstore.Vendas.Domain.csproj", "{9A377071-107C-4D7D-B113-C4F4FBB30B29}"
EndProject
Project("{FAE04EC0-301F-11D3-BF4B-00C04F79EFBC}") = "NerdStore.Vendas.Application", "src\NerdStore.Vendas.Application\NerdStore.Vendas.Application.csproj", "{2A5A4D5E-78D9-454E-8E7B-03CAC80659B9}"
EndProject
Project("{FAE04EC0-301F-11D3-BF4B-00C04F79EFBC}") = "NerdStore.Vendas.Data", "src\NerdStore.Vendas.Data\NerdStore.Vendas.Data.csproj", "{565C261E-C62B-46CB-8936-6AA87B186961}"
EndProject
Global
	GlobalSection(SolutionConfigurationPlatforms) = preSolution
		Debug|Any CPU = Debug|Any CPU
		Release|Any CPU = Release|Any CPU
	EndGlobalSection
	GlobalSection(ProjectConfigurationPlatforms) = postSolution
		{BA1F484A-DEEA-49C1-A6F6-2861A40F54F9}.Debug|Any CPU.ActiveCfg = Debug|Any CPU
		{BA1F484A-DEEA-49C1-A6F6-2861A40F54F9}.Debug|Any CPU.Build.0 = Debug|Any CPU
		{BA1F484A-DEEA-49C1-A6F6-2861A40F54F9}.Release|Any CPU.ActiveCfg = Release|Any CPU
		{BA1F484A-DEEA-49C1-A6F6-2861A40F54F9}.Release|Any CPU.Build.0 = Release|Any CPU
		{8E04BBEC-23CD-4A0F-B6E6-78D5FDA37403}.Debug|Any CPU.ActiveCfg = Debug|Any CPU
		{8E04BBEC-23CD-4A0F-B6E6-78D5FDA37403}.Debug|Any CPU.Build.0 = Debug|Any CPU
		{8E04BBEC-23CD-4A0F-B6E6-78D5FDA37403}.Release|Any CPU.ActiveCfg = Release|Any CPU
		{8E04BBEC-23CD-4A0F-B6E6-78D5FDA37403}.Release|Any CPU.Build.0 = Release|Any CPU
		{DFE55E88-31FF-4F6B-A452-A59CF88BB112}.Debug|Any CPU.ActiveCfg = Debug|Any CPU
		{DFE55E88-31FF-4F6B-A452-A59CF88BB112}.Debug|Any CPU.Build.0 = Debug|Any CPU
		{DFE55E88-31FF-4F6B-A452-A59CF88BB112}.Release|Any CPU.ActiveCfg = Release|Any CPU
		{DFE55E88-31FF-4F6B-A452-A59CF88BB112}.Release|Any CPU.Build.0 = Release|Any CPU
		{B60FE876-8A53-4C1F-8739-7EDDA4B994D4}.Debug|Any CPU.ActiveCfg = Debug|Any CPU
		{B60FE876-8A53-4C1F-8739-7EDDA4B994D4}.Debug|Any CPU.Build.0 = Debug|Any CPU
		{B60FE876-8A53-4C1F-8739-7EDDA4B994D4}.Release|Any CPU.ActiveCfg = Release|Any CPU
		{B60FE876-8A53-4C1F-8739-7EDDA4B994D4}.Release|Any CPU.Build.0 = Release|Any CPU
		{1A989E84-BC00-4A38-BBD4-2B365CDC96DA}.Debug|Any CPU.ActiveCfg = Debug|Any CPU
		{1A989E84-BC00-4A38-BBD4-2B365CDC96DA}.Debug|Any CPU.Build.0 = Debug|Any CPU
		{1A989E84-BC00-4A38-BBD4-2B365CDC96DA}.Release|Any CPU.ActiveCfg = Release|Any CPU
		{1A989E84-BC00-4A38-BBD4-2B365CDC96DA}.Release|Any CPU.Build.0 = Release|Any CPU
		{10218748-5FEC-4DAC-926E-E4C66FFC09EC}.Debug|Any CPU.ActiveCfg = Debug|Any CPU
		{10218748-5FEC-4DAC-926E-E4C66FFC09EC}.Debug|Any CPU.Build.0 = Debug|Any CPU
		{10218748-5FEC-4DAC-926E-E4C66FFC09EC}.Release|Any CPU.ActiveCfg = Release|Any CPU
		{10218748-5FEC-4DAC-926E-E4C66FFC09EC}.Release|Any CPU.Build.0 = Release|Any CPU
		{9A377071-107C-4D7D-B113-C4F4FBB30B29}.Debug|Any CPU.ActiveCfg = Debug|Any CPU
		{9A377071-107C-4D7D-B113-C4F4FBB30B29}.Debug|Any CPU.Build.0 = Debug|Any CPU
		{9A377071-107C-4D7D-B113-C4F4FBB30B29}.Release|Any CPU.ActiveCfg = Release|Any CPU
		{9A377071-107C-4D7D-B113-C4F4FBB30B29}.Release|Any CPU.Build.0 = Release|Any CPU
		{2A5A4D5E-78D9-454E-8E7B-03CAC80659B9}.Debug|Any CPU.ActiveCfg = Debug|Any CPU
		{2A5A4D5E-78D9-454E-8E7B-03CAC80659B9}.Debug|Any CPU.Build.0 = Debug|Any CPU
		{2A5A4D5E-78D9-454E-8E7B-03CAC80659B9}.Release|Any CPU.ActiveCfg = Release|Any CPU
		{2A5A4D5E-78D9-454E-8E7B-03CAC80659B9}.Release|Any CPU.Build.0 = Release|Any CPU
		{565C261E-C62B-46CB-8936-6AA87B186961}.Debug|Any CPU.ActiveCfg = Debug|Any CPU
		{565C261E-C62B-46CB-8936-6AA87B186961}.Debug|Any CPU.Build.0 = Debug|Any CPU
		{565C261E-C62B-46CB-8936-6AA87B186961}.Release|Any CPU.ActiveCfg = Release|Any CPU
		{565C261E-C62B-46CB-8936-6AA87B186961}.Release|Any CPU.Build.0 = Release|Any CPU
	EndGlobalSection
	GlobalSection(SolutionProperties) = preSolution
		HideSolutionNode = FALSE
	EndGlobalSection
	GlobalSection(NestedProjects) = preSolution
		{25610CA0-C236-4470-ADF7-4D8D3F9D7726} = {87A9EBA3-0D28-4921-B12A-A429E689F3DD}
		{2D253F29-0AE5-4E84-B234-E7B005B32DEC} = {87A9EBA3-0D28-4921-B12A-A429E689F3DD}
		{ECCCB715-A2D9-49CA-8284-0CF26A0B3A15} = {87A9EBA3-0D28-4921-B12A-A429E689F3DD}
		{57B91248-4998-4044-9A35-5B27F803AE64} = {87A9EBA3-0D28-4921-B12A-A429E689F3DD}
		{33C0105B-7CA4-423B-96C9-E476436E2DDC} = {87A9EBA3-0D28-4921-B12A-A429E689F3DD}
		{26B84778-9CC9-4BF0-BFF2-71F70A2622A7} = {87A9EBA3-0D28-4921-B12A-A429E689F3DD}
		{BA1F484A-DEEA-49C1-A6F6-2861A40F54F9} = {2D253F29-0AE5-4E84-B234-E7B005B32DEC}
		{8E04BBEC-23CD-4A0F-B6E6-78D5FDA37403} = {ECCCB715-A2D9-49CA-8284-0CF26A0B3A15}
		{ACE83F29-D557-448B-A988-ABA1B8567231} = {2D253F29-0AE5-4E84-B234-E7B005B32DEC}
		{DFE55E88-31FF-4F6B-A452-A59CF88BB112} = {ACE83F29-D557-448B-A988-ABA1B8567231}
		{B60FE876-8A53-4C1F-8739-7EDDA4B994D4} = {2D253F29-0AE5-4E84-B234-E7B005B32DEC}
		{1A989E84-BC00-4A38-BBD4-2B365CDC96DA} = {2D253F29-0AE5-4E84-B234-E7B005B32DEC}
		{10218748-5FEC-4DAC-926E-E4C66FFC09EC} = {B52B3B9C-ED47-4EAB-8AC2-A22631CB1EB9}
		{5B9C845F-510B-4AF8-AEF5-3F6C35BC96A7} = {87A9EBA3-0D28-4921-B12A-A429E689F3DD}
		{D0BE76B3-FDBD-4473-BC68-F51F6AC6DDBB} = {87A9EBA3-0D28-4921-B12A-A429E689F3DD}
		{D59C92D0-78C4-446D-B69F-4F43485EF5C9} = {87A9EBA3-0D28-4921-B12A-A429E689F3DD}
		{9A377071-107C-4D7D-B113-C4F4FBB30B29} = {D59C92D0-78C4-446D-B69F-4F43485EF5C9}
		{2A5A4D5E-78D9-454E-8E7B-03CAC80659B9} = {D59C92D0-78C4-446D-B69F-4F43485EF5C9}
		{565C261E-C62B-46CB-8936-6AA87B186961} = {D59C92D0-78C4-446D-B69F-4F43485EF5C9}
	EndGlobalSection
	GlobalSection(ExtensibilityGlobals) = postSolution
		SolutionGuid = {012350D1-8192-4A7A-A361-4971BAD28071}
	EndGlobalSection
EndGlobal
